
Microsoft Visual Studio Solution File, Format Version 12.00
# Visual Studio 14
VisualStudioVersion = 14.0.25123.0
MinimumVisualStudioVersion = 10.0.40219.1
Project("{8BC9CEB8-8B4A-11D0-8D11-00A0C91BC942}") = "백준 제2회 iupc는 잘 개최될수 있을까", "백준 제2회 iupc는 잘 개최될수 있을까\백준 제2회 iupc는 잘 개최될수 있을까.vcxproj", "{A9DEA304-50CC-44E2-93A3-F4652B68C634}"
EndProject
Global
	GlobalSection(SolutionConfigurationPlatforms) = preSolution
		Debug|x64 = Debug|x64
		Debug|x86 = Debug|x86
		Release|x64 = Release|x64
		Release|x86 = Release|x86
	EndGlobalSection
	GlobalSection(ProjectConfigurationPlatforms) = postSolution
		{A9DEA304-50CC-44E2-93A3-F4652B68C634}.Debug|x64.ActiveCfg = Debug|x64
		{A9DEA304-50CC-44E2-93A3-F4652B68C634}.Debug|x64.Build.0 = Debug|x64
		{A9DEA304-50CC-44E2-93A3-F4652B68C634}.Debug|x86.ActiveCfg = Debug|Win32
		{A9DEA304-50CC-44E2-93A3-F4652B68C634}.Debug|x86.Build.0 = Debug|Win32
		{A9DEA304-50CC-44E2-93A3-F4652B68C634}.Release|x64.ActiveCfg = Release|x64
		{A9DEA304-50CC-44E2-93A3-F4652B68C634}.Release|x64.Build.0 = Release|x64
		{A9DEA304-50CC-44E2-93A3-F4652B68C634}.Release|x86.ActiveCfg = Release|Win32
		{A9DEA304-50CC-44E2-93A3-F4652B68C634}.Release|x86.Build.0 = Release|Win32
	EndGlobalSection
	GlobalSection(SolutionProperties) = preSolution
		HideSolutionNode = FALSE
	EndGlobalSection
EndGlobal
