
Microsoft Visual Studio Solution File, Format Version 12.00
# Visual Studio 14
VisualStudioVersion = 14.0.25123.0
MinimumVisualStudioVersion = 10.0.40219.1
Project("{8BC9CEB8-8B4A-11D0-8D11-00A0C91BC942}") = "백준 진짜메시지", "백준 진짜메시지\백준 진짜메시지.vcxproj", "{AD17CBB0-192E-440F-B5BF-19C88E7DB52B}"
EndProject
Global
	GlobalSection(SolutionConfigurationPlatforms) = preSolution
		Debug|x64 = Debug|x64
		Debug|x86 = Debug|x86
		Release|x64 = Release|x64
		Release|x86 = Release|x86
	EndGlobalSection
	GlobalSection(ProjectConfigurationPlatforms) = postSolution
		{AD17CBB0-192E-440F-B5BF-19C88E7DB52B}.Debug|x64.ActiveCfg = Debug|x64
		{AD17CBB0-192E-440F-B5BF-19C88E7DB52B}.Debug|x64.Build.0 = Debug|x64
		{AD17CBB0-192E-440F-B5BF-19C88E7DB52B}.Debug|x86.ActiveCfg = Debug|Win32
		{AD17CBB0-192E-440F-B5BF-19C88E7DB52B}.Debug|x86.Build.0 = Debug|Win32
		{AD17CBB0-192E-440F-B5BF-19C88E7DB52B}.Release|x64.ActiveCfg = Release|x64
		{AD17CBB0-192E-440F-B5BF-19C88E7DB52B}.Release|x64.Build.0 = Release|x64
		{AD17CBB0-192E-440F-B5BF-19C88E7DB52B}.Release|x86.ActiveCfg = Release|Win32
		{AD17CBB0-192E-440F-B5BF-19C88E7DB52B}.Release|x86.Build.0 = Release|Win32
	EndGlobalSection
	GlobalSection(SolutionProperties) = preSolution
		HideSolutionNode = FALSE
	EndGlobalSection
EndGlobal
